dependencies:
  idf:
    source:
      type: idf
    version: 5.5.2
  nimble_peripheral_utils:
    dependencies: []
    source:
<<<<<<< HEAD
      path: C:\ESP-IDF\552\Espressif\frameworks\esp-idf-v5.5.2\examples\bluetooth\nimble\common\nimble_peripheral_utils
=======
      path: C:\esp_552\Espressif\frameworks\esp-idf-v5.5.2\examples\bluetooth\nimble\common\nimble_peripheral_utils
>>>>>>> 546dfa61b5dc1d602dd85d86897da92bd335bd1d
      type: local
    version: '*'
direct_dependencies:
- nimble_peripheral_utils
manifest_hash: c28d41453286b749d7e5a8b76d4a8cdf22df54db4ac4384a3371eb4f67a0b54c
target: esp32c6
version: 2.0.0
